
Microsoft Visual Studio Solution File, Format Version 12.00
# Visual Studio Version 17
VisualStudioVersion = 17.11.35327.3
MinimumVisualStudioVersion = 10.0.40219.1
Project("{FAE04EC0-301F-11D3-BF4B-00C04F79EFBC}") = "OOP_PROJECT", "OOP_PROJECT\OOP_PROJECT.csproj", "{AA418FF7-82B9-4B46-8C27-5AF82A6A676D}"
EndProject
Global
	GlobalSection(SolutionConfigurationPlatforms) = preSolution
		Debug|Any CPU = Debug|Any CPU
		Release|Any CPU = Release|Any CPU
	EndGlobalSection
	GlobalSection(ProjectConfigurationPlatforms) = postSolution
		{AA418FF7-82B9-4B46-8C27-5AF82A6A676D}.Debug|Any CPU.ActiveCfg = Debug|Any CPU
		{AA418FF7-82B9-4B46-8C27-5AF82A6A676D}.Debug|Any CPU.Build.0 = Debug|Any CPU
		{AA418FF7-82B9-4B46-8C27-5AF82A6A676D}.Release|Any CPU.ActiveCfg = Release|Any CPU
		{AA418FF7-82B9-4B46-8C27-5AF82A6A676D}.Release|Any CPU.Build.0 = Release|Any CPU
	EndGlobalSection
	GlobalSection(SolutionProperties) = preSolution
		HideSolutionNode = FALSE
	EndGlobalSection
	GlobalSection(ExtensibilityGlobals) = postSolution
		SolutionGuid = {CB630299-E41B-4726-ADE0-DB0FEFEA96CE}
	EndGlobalSection
EndGlobal
